// !$*UTF8*$!
{
	archiveVersion = 1;
	classes = {
	};
	objectVersion = 77;
	objects = {

/* Begin PBXBuildFile section */
		863172122E0971D9004BA21F /* ChickenCustomButtons.swift in Sources */ = {isa = PBXBuildFile; fileRef = 863172082E0971D9004BA21F /* ChickenCustomButtons.swift */; };
		863172132E0971D9004BA21F /* ChikenRoadApp.swift in Sources */ = {isa = PBXBuildFile; fileRef = 8631720F2E0971D9004BA21F /* ChikenRoadApp.swift */; };
		863172152E0971D9004BA21F /* Preview Assets.xcassets in Resources */ = {isa = PBXBuildFile; fileRef = 8631720C2E0971D9004BA21F /* Preview Assets.xcassets */; };
		863172162E0971D9004BA21F /* Assets.xcassets in Resources */ = {isa = PBXBuildFile; fileRef = 8631720E2E0971D9004BA21F /* Assets.xcassets */; };
		8631721E2E0971F7004BA21F /* ChikenTextExtension.swift in Sources */ = {isa = PBXBuildFile; fileRef = 8631721B2E0971F7004BA21F /* ChikenTextExtension.swift */; };
		8631729F2E097233004BA21F /* Alata-Regular.ttf in Resources */ = {isa = PBXBuildFile; fileRef = 8631729E2E097233004BA21F /* Alata-Regular.ttf */; };
		863172AC2E097298004BA21F /* ChikenOnboardingModel.swift in Sources */ = {isa = PBXBuildFile; fileRef = 863172A82E097298004BA21F /* ChikenOnboardingModel.swift */; };
		863172AD2E097298004BA21F /* ChikenOnboardingView.swift in Sources */ = {isa = PBXBuildFile; fileRef = 863172A92E097298004BA21F /* ChikenOnboardingView.swift */; };
		863172AE2E097298004BA21F /* ChikenOnboardingViewModel.swift in Sources */ = {isa = PBXBuildFile; fileRef = 863172AA2E097298004BA21F /* ChikenOnboardingViewModel.swift */; };
		863172BA2E09781C004BA21F /* ChikenMainModel.swift in Sources */ = {isa = PBXBuildFile; fileRef = 863172B62E09781C004BA21F /* ChikenMainModel.swift */; };
		863172BB2E09781C004BA21F /* ChikenMainView.swift in Sources */ = {isa = PBXBuildFile; fileRef = 863172B72E09781C004BA21F /* ChikenMainView.swift */; };
		863172BC2E09781C004BA21F /* ChikenMainViewModel.swift in Sources */ = {isa = PBXBuildFile; fileRef = 863172B82E09781C004BA21F /* ChikenMainViewModel.swift */; };
		863172C82E098475004BA21F /* ChikenSettingsModel.swift in Sources */ = {isa = PBXBuildFile; fileRef = 863172C42E098475004BA21F /* ChikenSettingsModel.swift */; };
		863172C92E098475004BA21F /* ChikenSettingsView.swift in Sources */ = {isa = PBXBuildFile; fileRef = 863172C52E098475004BA21F /* ChikenSettingsView.swift */; };
		863172CA2E098475004BA21F /* ChikenSettingsViewModel.swift in Sources */ = {isa = PBXBuildFile; fileRef = 863172C62E098475004BA21F /* ChikenSettingsViewModel.swift */; };
		8631734B2E099262004BA21F /* ChikenGalleryModel.swift in Sources */ = {isa = PBXBuildFile; fileRef = 863173472E099262004BA21F /* ChikenGalleryModel.swift */; };
		8631734C2E099262004BA21F /* ChikenGalleryView.swift in Sources */ = {isa = PBXBuildFile; fileRef = 863173482E099262004BA21F /* ChikenGalleryView.swift */; };
		8631734D2E099262004BA21F /* ChikenGalleryViewModel.swift in Sources */ = {isa = PBXBuildFile; fileRef = 863173492E099262004BA21F /* ChikenGalleryViewModel.swift */; };
		86CEE8B32E0AA614006DD919 /* ChikenProgressModel.swift in Sources */ = {isa = PBXBuildFile; fileRef = 86CEE8AF2E0AA614006DD919 /* ChikenProgressModel.swift */; };
		86CEE8B42E0AA614006DD919 /* ChikenProgressView.swift in Sources */ = {isa = PBXBuildFile; fileRef = 86CEE8B02E0AA614006DD919 /* ChikenProgressView.swift */; };
		86CEE8B52E0AA614006DD919 /* ChikenProgressViewModel.swift in Sources */ = {isa = PBXBuildFile; fileRef = 86CEE8B12E0AA614006DD919 /* ChikenProgressViewModel.swift */; };
		86CEE8D02E0AD8A1006DD919 /* ChikenKnowledgeModel.swift in Sources */ = {isa = PBXBuildFile; fileRef = 86CEE8CC2E0AD8A1006DD919 /* ChikenKnowledgeModel.swift */; };
		86CEE8D12E0AD8A1006DD919 /* ChikenKnowledgeView.swift in Sources */ = {isa = PBXBuildFile; fileRef = 86CEE8CD2E0AD8A1006DD919 /* ChikenKnowledgeView.swift */; };
		86CEE8D22E0AD8A1006DD919 /* ChikenKnowledgeViewModel.swift in Sources */ = {isa = PBXBuildFile; fileRef = 86CEE8CE2E0AD8A1006DD919 /* ChikenKnowledgeViewModel.swift */; };
		86CEE8DE2E0AF395006DD919 /* ChikenQuizModel.swift in Sources */ = {isa = PBXBuildFile; fileRef = 86CEE8DA2E0AF395006DD919 /* ChikenQuizModel.swift */; };
		86CEE8DF2E0AF395006DD919 /* ChikenQuizView.swift in Sources */ = {isa = PBXBuildFile; fileRef = 86CEE8DB2E0AF395006DD919 /* ChikenQuizView.swift */; };
		86CEE8E02E0AF395006DD919 /* ChikenQuizViewModel.swift in Sources */ = {isa = PBXBuildFile; fileRef = 86CEE8DC2E0AF395006DD919 /* ChikenQuizViewModel.swift */; };
		86CEE8E82E0B027B006DD919 /* UserDefaultsManager.swift in Sources */ = {isa = PBXBuildFile; fileRef = 86CEE8E52E0B027B006DD919 /* UserDefaultsManager.swift */; };
/* End PBXBuildFile section */

/* Begin PBXFileReference section */
		863171F22E097109004BA21F /* ChikenRoad.app */ = {isa = PBXFileReference; explicitFileType = wrapper.application; includeInIndex = 0; path = ChikenRoad.app; sourceTree = BUILT_PRODUCTS_DIR; };
		863172082E0971D9004BA21F /* ChickenCustomButtons.swift */ = {isa = PBXFileReference; lastKnownFileType = sourcecode.swift; path = ChickenCustomButtons.swift; sourceTree = "<group>"; };
		8631720C2E0971D9004BA21F /* Preview Assets.xcassets */ = {isa = PBXFileReference; lastKnownFileType = folder.assetcatalog; path = "Preview Assets.xcassets"; sourceTree = "<group>"; };
		8631720E2E0971D9004BA21F /* Assets.xcassets */ = {isa = PBXFileReference; lastKnownFileType = folder.assetcatalog; path = Assets.xcassets; sourceTree = "<group>"; };
		8631720F2E0971D9004BA21F /* ChikenRoadApp.swift */ = {isa = PBXFileReference; lastKnownFileType = sourcecode.swift; path = ChikenRoadApp.swift; sourceTree = "<group>"; };
		8631721B2E0971F7004BA21F /* ChikenTextExtension.swift */ = {isa = PBXFileReference; lastKnownFileType = sourcecode.swift; path = ChikenTextExtension.swift; sourceTree = "<group>"; };
		8631729E2E097233004BA21F /* Alata-Regular.ttf */ = {isa = PBXFileReference; lastKnownFileType = file; path = "Alata-Regular.ttf"; sourceTree = "<group>"; };
		863172A02E09724C004BA21F /* Info.plist */ = {isa = PBXFileReference; lastKnownFileType = text.plist.xml; path = Info.plist; sourceTree = "<group>"; };
		863172A82E097298004BA21F /* ChikenOnboardingModel.swift */ = {isa = PBXFileReference; lastKnownFileType = sourcecode.swift; path = ChikenOnboardingModel.swift; sourceTree = "<group>"; };
		863172A92E097298004BA21F /* ChikenOnboardingView.swift */ = {isa = PBXFileReference; lastKnownFileType = sourcecode.swift; path = ChikenOnboardingView.swift; sourceTree = "<group>"; };
		863172AA2E097298004BA21F /* ChikenOnboardingViewModel.swift */ = {isa = PBXFileReference; lastKnownFileType = sourcecode.swift; path = ChikenOnboardingViewModel.swift; sourceTree = "<group>"; };
		863172B62E09781C004BA21F /* ChikenMainModel.swift */ = {isa = PBXFileReference; lastKnownFileType = sourcecode.swift; path = ChikenMainModel.swift; sourceTree = "<group>"; };
		863172B72E09781C004BA21F /* ChikenMainView.swift */ = {isa = PBXFileReference; lastKnownFileType = sourcecode.swift; path = ChikenMainView.swift; sourceTree = "<group>"; };
		863172B82E09781C004BA21F /* ChikenMainViewModel.swift */ = {isa = PBXFileReference; lastKnownFileType = sourcecode.swift; path = ChikenMainViewModel.swift; sourceTree = "<group>"; };
		863172C42E098475004BA21F /* ChikenSettingsModel.swift */ = {isa = PBXFileReference; lastKnownFileType = sourcecode.swift; path = ChikenSettingsModel.swift; sourceTree = "<group>"; };
		863172C52E098475004BA21F /* ChikenSettingsView.swift */ = {isa = PBXFileReference; lastKnownFileType = sourcecode.swift; path = ChikenSettingsView.swift; sourceTree = "<group>"; };
		863172C62E098475004BA21F /* ChikenSettingsViewModel.swift */ = {isa = PBXFileReference; lastKnownFileType = sourcecode.swift; path = ChikenSettingsViewModel.swift; sourceTree = "<group>"; };
		863173472E099262004BA21F /* ChikenGalleryModel.swift */ = {isa = PBXFileReference; lastKnownFileType = sourcecode.swift; path = ChikenGalleryModel.swift; sourceTree = "<group>"; };
		863173482E099262004BA21F /* ChikenGalleryView.swift */ = {isa = PBXFileReference; lastKnownFileType = sourcecode.swift; path = ChikenGalleryView.swift; sourceTree = "<group>"; };
		863173492E099262004BA21F /* ChikenGalleryViewModel.swift */ = {isa = PBXFileReference; lastKnownFileType = sourcecode.swift; path = ChikenGalleryViewModel.swift; sourceTree = "<group>"; };
		86CEE8AF2E0AA614006DD919 /* ChikenProgressModel.swift */ = {isa = PBXFileReference; lastKnownFileType = sourcecode.swift; path = ChikenProgressModel.swift; sourceTree = "<group>"; };
		86CEE8B02E0AA614006DD919 /* ChikenProgressView.swift */ = {isa = PBXFileReference; lastKnownFileType = sourcecode.swift; path = ChikenProgressView.swift; sourceTree = "<group>"; };
		86CEE8B12E0AA614006DD919 /* ChikenProgressViewModel.swift */ = {isa = PBXFileReference; lastKnownFileType = sourcecode.swift; path = ChikenProgressViewModel.swift; sourceTree = "<group>"; };
		86CEE8CC2E0AD8A1006DD919 /* ChikenKnowledgeModel.swift */ = {isa = PBXFileReference; lastKnownFileType = sourcecode.swift; path = ChikenKnowledgeModel.swift; sourceTree = "<group>"; };
		86CEE8CD2E0AD8A1006DD919 /* ChikenKnowledgeView.swift */ = {isa = PBXFileReference; lastKnownFileType = sourcecode.swift; path = ChikenKnowledgeView.swift; sourceTree = "<group>"; };
		86CEE8CE2E0AD8A1006DD919 /* ChikenKnowledgeViewModel.swift */ = {isa = PBXFileReference; lastKnownFileType = sourcecode.swift; path = ChikenKnowledgeViewModel.swift; sourceTree = "<group>"; };
		86CEE8DA2E0AF395006DD919 /* ChikenQuizModel.swift */ = {isa = PBXFileReference; lastKnownFileType = sourcecode.swift; path = ChikenQuizModel.swift; sourceTree = "<group>"; };
		86CEE8DB2E0AF395006DD919 /* ChikenQuizView.swift */ = {isa = PBXFileReference; lastKnownFileType = sourcecode.swift; path = ChikenQuizView.swift; sourceTree = "<group>"; };
		86CEE8DC2E0AF395006DD919 /* ChikenQuizViewModel.swift */ = {isa = PBXFileReference; lastKnownFileType = sourcecode.swift; path = ChikenQuizViewModel.swift; sourceTree = "<group>"; };
		86CEE8E52E0B027B006DD919 /* UserDefaultsManager.swift */ = {isa = PBXFileReference; lastKnownFileType = sourcecode.swift; path = UserDefaultsManager.swift; sourceTree = "<group>"; };
/* End PBXFileReference section */

/* Begin PBXFrameworksBuildPhase section */
		863171EF2E097109004BA21F /* Frameworks */ = {
			isa = PBXFrameworksBuildPhase;
			buildActionMask = 2147483647;
			files = (
			);
			runOnlyForDeploymentPostprocessing = 0;
		};
/* End PBXFrameworksBuildPhase section */

/* Begin PBXGroup section */
		863171E92E097109004BA21F = {
			isa = PBXGroup;
			children = (
				863172112E0971D9004BA21F /* ChikenRoad */,
				863171F32E097109004BA21F /* Products */,
			);
			sourceTree = "<group>";
		};
		863171F32E097109004BA21F /* Products */ = {
			isa = PBXGroup;
			children = (
				863171F22E097109004BA21F /* ChikenRoad.app */,
			);
			name = Products;
			sourceTree = "<group>";
		};
		863172092E0971D9004BA21F /* ChickenCustomButtons */ = {
			isa = PBXGroup;
			children = (
				863172082E0971D9004BA21F /* ChickenCustomButtons.swift */,
			);
			path = ChickenCustomButtons;
			sourceTree = "<group>";
		};
		8631720A2E0971D9004BA21F /* ChikenFonts */ = {
			isa = PBXGroup;
			children = (
				8631729E2E097233004BA21F /* Alata-Regular.ttf */,
			);
			path = ChikenFonts;
			sourceTree = "<group>";
		};
		8631720B2E0971D9004BA21F /* ChikenHelpers */ = {
			isa = PBXGroup;
			children = (
				863172092E0971D9004BA21F /* ChickenCustomButtons */,
				8631720A2E0971D9004BA21F /* ChikenFonts */,
			);
			path = ChikenHelpers;
			sourceTree = "<group>";
		};
		8631720D2E0971D9004BA21F /* Preview Content */ = {
			isa = PBXGroup;
			children = (
				8631720C2E0971D9004BA21F /* Preview Assets.xcassets */,
			);
			path = "Preview Content";
			sourceTree = "<group>";
		};
		863172112E0971D9004BA21F /* ChikenRoad */ = {
			isa = PBXGroup;
			children = (
				86CEE8E72E0B027B006DD919 /* Managers */,
				86CEE8DD2E0AF395006DD919 /* ChikenQuizModule */,
				86CEE8CF2E0AD8A1006DD919 /* ChikenKnowledgeModule */,
				86CEE8B22E0AA614006DD919 /* ChikenProgressModule */,
				8631734A2E099262004BA21F /* ChikenGalleryModule */,
				863172C72E098475004BA21F /* ChikenSettingsModule */,
				863172B92E09781C004BA21F /* ChikenMainModule */,
				863172AB2E097298004BA21F /* ChikenOnboardingModule */,
				8631721D2E0971F7004BA21F /* ChikenExtensions */,
				8631720B2E0971D9004BA21F /* ChikenHelpers */,
				8631720D2E0971D9004BA21F /* Preview Content */,
				8631720E2E0971D9004BA21F /* Assets.xcassets */,
				8631720F2E0971D9004BA21F /* ChikenRoadApp.swift */,
				863172A02E09724C004BA21F /* Info.plist */,
			);
			path = ChikenRoad;
			sourceTree = "<group>";
		};
		8631721C2E0971F7004BA21F /* ChikenTextExtension */ = {
			isa = PBXGroup;
			children = (
				8631721B2E0971F7004BA21F /* ChikenTextExtension.swift */,
			);
			path = ChikenTextExtension;
			sourceTree = "<group>";
		};
		8631721D2E0971F7004BA21F /* ChikenExtensions */ = {
			isa = PBXGroup;
			children = (
				8631721C2E0971F7004BA21F /* ChikenTextExtension */,
			);
			path = ChikenExtensions;
			sourceTree = "<group>";
		};
		863172AB2E097298004BA21F /* ChikenOnboardingModule */ = {
			isa = PBXGroup;
			children = (
				863172A82E097298004BA21F /* ChikenOnboardingModel.swift */,
				863172A92E097298004BA21F /* ChikenOnboardingView.swift */,
				863172AA2E097298004BA21F /* ChikenOnboardingViewModel.swift */,
			);
			path = ChikenOnboardingModule;
			sourceTree = "<group>";
		};
		863172B92E09781C004BA21F /* ChikenMainModule */ = {
			isa = PBXGroup;
			children = (
				863172B62E09781C004BA21F /* ChikenMainModel.swift */,
				863172B72E09781C004BA21F /* ChikenMainView.swift */,
				863172B82E09781C004BA21F /* ChikenMainViewModel.swift */,
			);
			path = ChikenMainModule;
			sourceTree = "<group>";
		};
		863172C72E098475004BA21F /* ChikenSettingsModule */ = {
			isa = PBXGroup;
			children = (
				863172C42E098475004BA21F /* ChikenSettingsModel.swift */,
				863172C52E098475004BA21F /* ChikenSettingsView.swift */,
				863172C62E098475004BA21F /* ChikenSettingsViewModel.swift */,
			);
			path = ChikenSettingsModule;
			sourceTree = "<group>";
		};
		8631734A2E099262004BA21F /* ChikenGalleryModule */ = {
			isa = PBXGroup;
			children = (
				863173472E099262004BA21F /* ChikenGalleryModel.swift */,
				863173482E099262004BA21F /* ChikenGalleryView.swift */,
				863173492E099262004BA21F /* ChikenGalleryViewModel.swift */,
			);
			path = ChikenGalleryModule;
			sourceTree = "<group>";
		};
		86CEE8B22E0AA614006DD919 /* ChikenProgressModule */ = {
			isa = PBXGroup;
			children = (
				86CEE8AF2E0AA614006DD919 /* ChikenProgressModel.swift */,
				86CEE8B02E0AA614006DD919 /* ChikenProgressView.swift */,
				86CEE8B12E0AA614006DD919 /* ChikenProgressViewModel.swift */,
			);
			path = ChikenProgressModule;
			sourceTree = "<group>";
		};
		86CEE8CF2E0AD8A1006DD919 /* ChikenKnowledgeModule */ = {
			isa = PBXGroup;
			children = (
				86CEE8CC2E0AD8A1006DD919 /* ChikenKnowledgeModel.swift */,
				86CEE8CD2E0AD8A1006DD919 /* ChikenKnowledgeView.swift */,
				86CEE8CE2E0AD8A1006DD919 /* ChikenKnowledgeViewModel.swift */,
			);
			path = ChikenKnowledgeModule;
			sourceTree = "<group>";
		};
		86CEE8DD2E0AF395006DD919 /* ChikenQuizModule */ = {
			isa = PBXGroup;
			children = (
				86CEE8DA2E0AF395006DD919 /* ChikenQuizModel.swift */,
				86CEE8DB2E0AF395006DD919 /* ChikenQuizView.swift */,
				86CEE8DC2E0AF395006DD919 /* ChikenQuizViewModel.swift */,
			);
			path = ChikenQuizModule;
			sourceTree = "<group>";
		};
		86CEE8E62E0B027B006DD919 /* UserDefaultsManager */ = {
			isa = PBXGroup;
			children = (
				86CEE8E52E0B027B006DD919 /* UserDefaultsManager.swift */,
			);
			path = UserDefaultsManager;
			sourceTree = "<group>";
		};
		86CEE8E72E0B027B006DD919 /* Managers */ = {
			isa = PBXGroup;
			children = (
				86CEE8E62E0B027B006DD919 /* UserDefaultsManager */,
			);
			path = Managers;
			sourceTree = "<group>";
		};
/* End PBXGroup section */

/* Begin PBXNativeTarget section */
		863171F12E097109004BA21F /* ChikenRoad */ = {
			isa = PBXNativeTarget;
			buildConfigurationList = 863172002E09710A004BA21F /* Build configuration list for PBXNativeTarget "ChikenRoad" */;
			buildPhases = (
				863171EE2E097109004BA21F /* Sources */,
				863171EF2E097109004BA21F /* Frameworks */,
				863171F02E097109004BA21F /* Resources */,
			);
			buildRules = (
			);
			dependencies = (
			);
			name = ChikenRoad;
			packageProductDependencies = (
			);
			productName = ChikenRoad;
			productReference = 863171F22E097109004BA21F /* ChikenRoad.app */;
			productType = "com.apple.product-type.application";
		};
/* End PBXNativeTarget section */

/* Begin PBXProject section */
		863171EA2E097109004BA21F /* Project object */ = {
			isa = PBXProject;
			attributes = {
				BuildIndependentTargetsInParallel = 1;
				LastSwiftUpdateCheck = 1620;
				LastUpgradeCheck = 1620;
				TargetAttributes = {
					863171F12E097109004BA21F = {
						CreatedOnToolsVersion = 16.2;
					};
				};
			};
			buildConfigurationList = 863171ED2E097109004BA21F /* Build configuration list for PBXProject "ChikenRoad" */;
			developmentRegion = en;
			hasScannedForEncodings = 0;
			knownRegions = (
				en,
				Base,
			);
			mainGroup = 863171E92E097109004BA21F;
			minimizedProjectReferenceProxies = 1;
			preferredProjectObjectVersion = 77;
			productRefGroup = 863171F32E097109004BA21F /* Products */;
			projectDirPath = "";
			projectRoot = "";
			targets = (
				863171F12E097109004BA21F /* ChikenRoad */,
			);
		};
/* End PBXProject section */

/* Begin PBXResourcesBuildPhase section */
		863171F02E097109004BA21F /* Resources */ = {
			isa = PBXResourcesBuildPhase;
			buildActionMask = 2147483647;
			files = (
				8631729F2E097233004BA21F /* Alata-Regular.ttf in Resources */,
				863172152E0971D9004BA21F /* Preview Assets.xcassets in Resources */,
				863172162E0971D9004BA21F /* Assets.xcassets in Resources */,
			);
			runOnlyForDeploymentPostprocessing = 0;
		};
/* End PBXResourcesBuildPhase section */

/* Begin PBXSourcesBuildPhase section */
		863171EE2E097109004BA21F /* Sources */ = {
			isa = PBXSourcesBuildPhase;
			buildActionMask = 2147483647;
			files = (
				863172AC2E097298004BA21F /* ChikenOnboardingModel.swift in Sources */,
				863172BA2E09781C004BA21F /* ChikenMainModel.swift in Sources */,
				863172BB2E09781C004BA21F /* ChikenMainView.swift in Sources */,
				863172BC2E09781C004BA21F /* ChikenMainViewModel.swift in Sources */,
				8631734B2E099262004BA21F /* ChikenGalleryModel.swift in Sources */,
				8631734C2E099262004BA21F /* ChikenGalleryView.swift in Sources */,
				8631734D2E099262004BA21F /* ChikenGalleryViewModel.swift in Sources */,
				863172AD2E097298004BA21F /* ChikenOnboardingView.swift in Sources */,
				863172AE2E097298004BA21F /* ChikenOnboardingViewModel.swift in Sources */,
				863172C82E098475004BA21F /* ChikenSettingsModel.swift in Sources */,
				86CEE8DE2E0AF395006DD919 /* ChikenQuizModel.swift in Sources */,
				86CEE8E82E0B027B006DD919 /* UserDefaultsManager.swift in Sources */,
				86CEE8DF2E0AF395006DD919 /* ChikenQuizView.swift in Sources */,
				86CEE8E02E0AF395006DD919 /* ChikenQuizViewModel.swift in Sources */,
				863172C92E098475004BA21F /* ChikenSettingsView.swift in Sources */,
				863172CA2E098475004BA21F /* ChikenSettingsViewModel.swift in Sources */,
				86CEE8D02E0AD8A1006DD919 /* ChikenKnowledgeModel.swift in Sources */,
				86CEE8D12E0AD8A1006DD919 /* ChikenKnowledgeView.swift in Sources */,
				86CEE8D22E0AD8A1006DD919 /* ChikenKnowledgeViewModel.swift in Sources */,
				86CEE8B32E0AA614006DD919 /* ChikenProgressModel.swift in Sources */,
				86CEE8B42E0AA614006DD919 /* ChikenProgressView.swift in Sources */,
				86CEE8B52E0AA614006DD919 /* ChikenProgressViewModel.swift in Sources */,
				8631721E2E0971F7004BA21F /* ChikenTextExtension.swift in Sources */,
				863172122E0971D9004BA21F /* ChickenCustomButtons.swift in Sources */,
				863172132E0971D9004BA21F /* ChikenRoadApp.swift in Sources */,
			);
			runOnlyForDeploymentPostprocessing = 0;
		};
/* End PBXSourcesBuildPhase section */

/* Begin XCBuildConfiguration section */
		863171FE2E09710A004BA21F /* Debug */ = {
			isa = XCBuildConfiguration;
			buildSettings = {
				ALWAYS_SEARCH_USER_PATHS = NO;
				ASSETCATALOG_COMPILER_GENERATE_SWIFT_ASSET_SYMBOL_EXTENSIONS = YES;
				CLANG_ANALYZER_NONNULL = YES;
				CLANG_ANALYZER_NUMBER_OBJECT_CONVERSION = YES_AGGRESSIVE;
				CLANG_CXX_LANGUAGE_STANDARD = "gnu++20";
				CLANG_ENABLE_MODULES = YES;
				CLANG_ENABLE_OBJC_ARC = YES;
				CLANG_ENABLE_OBJC_WEAK = YES;
				CLANG_WARN_BLOCK_CAPTURE_AUTORELEASING = YES;
				CLANG_WARN_BOOL_CONVERSION = YES;
				CLANG_WARN_COMMA = YES;
				CLANG_WARN_CONSTANT_CONVERSION = YES;
				CLANG_WARN_DEPRECATED_OBJC_IMPLEMENTATIONS = YES;
				CLANG_WARN_DIRECT_OBJC_ISA_USAGE = YES_ERROR;
				CLANG_WARN_DOCUMENTATION_COMMENTS = YES;
				CLANG_WARN_EMPTY_BODY = YES;
				CLANG_WARN_ENUM_CONVERSION = YES;
				CLANG_WARN_INFINITE_RECURSION = YES;
				CLANG_WARN_INT_CONVERSION = YES;
				CLANG_WARN_NON_LITERAL_NULL_CONVERSION = YES;
				CLANG_WARN_OBJC_IMPLICIT_RETAIN_SELF = YES;
				CLANG_WARN_OBJC_LITERAL_CONVERSION = YES;
				CLANG_WARN_OBJC_ROOT_CLASS = YES_ERROR;
				CLANG_WARN_QUOTED_INCLUDE_IN_FRAMEWORK_HEADER = YES;
				CLANG_WARN_RANGE_LOOP_ANALYSIS = YES;
				CLANG_WARN_STRICT_PROTOTYPES = YES;
				CLANG_WARN_SUSPICIOUS_MOVE = YES;
				CLANG_WARN_UNGUARDED_AVAILABILITY = YES_AGGRESSIVE;
				CLANG_WARN_UNREACHABLE_CODE = YES;
				CLANG_WARN__DUPLICATE_METHOD_MATCH = YES;
				COPY_PHASE_STRIP = NO;
				DEBUG_INFORMATION_FORMAT = dwarf;
				ENABLE_STRICT_OBJC_MSGSEND = YES;
				ENABLE_TESTABILITY = YES;
				ENABLE_USER_SCRIPT_SANDBOXING = YES;
				GCC_C_LANGUAGE_STANDARD = gnu17;
				GCC_DYNAMIC_NO_PIC = NO;
				GCC_NO_COMMON_BLOCKS = YES;
				GCC_OPTIMIZATION_LEVEL = 0;
				GCC_PREPROCESSOR_DEFINITIONS = (
					"DEBUG=1",
					"$(inherited)",
				);
				GCC_WARN_64_TO_32_BIT_CONVERSION = YES;
				GCC_WARN_ABOUT_RETURN_TYPE = YES_ERROR;
				GCC_WARN_UNDECLARED_SELECTOR = YES;
				GCC_WARN_UNINITIALIZED_AUTOS = YES_AGGRESSIVE;
				GCC_WARN_UNUSED_FUNCTION = YES;
				GCC_WARN_UNUSED_VARIABLE = YES;
				IPHONEOS_DEPLOYMENT_TARGET = 18.2;
				LOCALIZATION_PREFERS_STRING_CATALOGS = YES;
				MTL_ENABLE_DEBUG_INFO = INCLUDE_SOURCE;
				MTL_FAST_MATH = YES;
				ONLY_ACTIVE_ARCH = YES;
				SDKROOT = iphoneos;
				SWIFT_ACTIVE_COMPILATION_CONDITIONS = "DEBUG $(inherited)";
				SWIFT_OPTIMIZATION_LEVEL = "-Onone";
			};
			name = Debug;
		};
		863171FF2E09710A004BA21F /* Release */ = {
			isa = XCBuildConfiguration;
			buildSettings = {
				ALWAYS_SEARCH_USER_PATHS = NO;
				ASSETCATALOG_COMPILER_GENERATE_SWIFT_ASSET_SYMBOL_EXTENSIONS = YES;
				CLANG_ANALYZER_NONNULL = YES;
				CLANG_ANALYZER_NUMBER_OBJECT_CONVERSION = YES_AGGRESSIVE;
				CLANG_CXX_LANGUAGE_STANDARD = "gnu++20";
				CLANG_ENABLE_MODULES = YES;
				CLANG_ENABLE_OBJC_ARC = YES;
				CLANG_ENABLE_OBJC_WEAK = YES;
				CLANG_WARN_BLOCK_CAPTURE_AUTORELEASING = YES;
				CLANG_WARN_BOOL_CONVERSION = YES;
				CLANG_WARN_COMMA = YES;
				CLANG_WARN_CONSTANT_CONVERSION = YES;
				CLANG_WARN_DEPRECATED_OBJC_IMPLEMENTATIONS = YES;
				CLANG_WARN_DIRECT_OBJC_ISA_USAGE = YES_ERROR;
				CLANG_WARN_DOCUMENTATION_COMMENTS = YES;
				CLANG_WARN_EMPTY_BODY = YES;
				CLANG_WARN_ENUM_CONVERSION = YES;
				CLANG_WARN_INFINITE_RECURSION = YES;
				CLANG_WARN_INT_CONVERSION = YES;
				CLANG_WARN_NON_LITERAL_NULL_CONVERSION = YES;
				CLANG_WARN_OBJC_IMPLICIT_RETAIN_SELF = YES;
				CLANG_WARN_OBJC_LITERAL_CONVERSION = YES;
				CLANG_WARN_OBJC_ROOT_CLASS = YES_ERROR;
				CLANG_WARN_QUOTED_INCLUDE_IN_FRAMEWORK_HEADER = YES;
				CLANG_WARN_RANGE_LOOP_ANALYSIS = YES;
				CLANG_WARN_STRICT_PROTOTYPES = YES;
				CLANG_WARN_SUSPICIOUS_MOVE = YES;
				CLANG_WARN_UNGUARDED_AVAILABILITY = YES_AGGRESSIVE;
				CLANG_WARN_UNREACHABLE_CODE = YES;
				CLANG_WARN__DUPLICATE_METHOD_MATCH = YES;
				COPY_PHASE_STRIP = NO;
				DEBUG_INFORMATION_FORMAT = "dwarf-with-dsym";
				ENABLE_NS_ASSERTIONS = NO;
				ENABLE_STRICT_OBJC_MSGSEND = YES;
				ENABLE_USER_SCRIPT_SANDBOXING = YES;
				GCC_C_LANGUAGE_STANDARD = gnu17;
				GCC_NO_COMMON_BLOCKS = YES;
				GCC_WARN_64_TO_32_BIT_CONVERSION = YES;
				GCC_WARN_ABOUT_RETURN_TYPE = YES_ERROR;
				GCC_WARN_UNDECLARED_SELECTOR = YES;
				GCC_WARN_UNINITIALIZED_AUTOS = YES_AGGRESSIVE;
				GCC_WARN_UNUSED_FUNCTION = YES;
				GCC_WARN_UNUSED_VARIABLE = YES;
				IPHONEOS_DEPLOYMENT_TARGET = 18.2;
				LOCALIZATION_PREFERS_STRING_CATALOGS = YES;
				MTL_ENABLE_DEBUG_INFO = NO;
				MTL_FAST_MATH = YES;
				SDKROOT = iphoneos;
				SWIFT_COMPILATION_MODE = wholemodule;
				VALIDATE_PRODUCT = YES;
			};
			name = Release;
		};
		863172012E09710A004BA21F /* Debug */ = {
			isa = XCBuildConfiguration;
			buildSettings = {
				ASSETCATALOG_COMPILER_APPICON_NAME = AppIcon;
				ASSETCATALOG_COMPILER_GLOBAL_ACCENT_COLOR_NAME = AccentColor;
				CODE_SIGN_STYLE = Automatic;
				CURRENT_PROJECT_VERSION = 1;
				DEVELOPMENT_ASSET_PATHS = "\"ChikenRoad/Preview Content\"";
				DEVELOPMENT_TEAM = 59WWFG63NN;
				ENABLE_PREVIEWS = YES;
				GENERATE_INFOPLIST_FILE = YES;
				INFOPLIST_FILE = ChikenRoad/Info.plist;
				INFOPLIST_KEY_UIApplicationSceneManifest_Generation = YES;
				INFOPLIST_KEY_UIApplicationSupportsIndirectInputEvents = YES;
				INFOPLIST_KEY_UILaunchScreen_Generation = YES;
				INFOPLIST_KEY_UIRequiresFullScreen = YES;
				INFOPLIST_KEY_UISupportedInterfaceOrientations = UIInterfaceOrientationPortrait;
				IPHONEOS_DEPLOYMENT_TARGET = 16.0;
				LD_RUNPATH_SEARCH_PATHS = (
					"$(inherited)",
					"@executable_path/Frameworks",
				);
				MARKETING_VERSION = 1.0;
				PRODUCT_BUNDLE_IDENTIFIER = com.keshevv.ChikenRoad;
				PRODUCT_NAME = "$(TARGET_NAME)";
				SUPPORTED_PLATFORMS = "iphoneos iphonesimulator";
				SUPPORTS_MACCATALYST = NO;
				SUPPORTS_MAC_DESIGNED_FOR_IPHONE_IPAD = NO;
				SUPPORTS_XR_DESIGNED_FOR_IPHONE_IPAD = NO;
				SWIFT_EMIT_LOC_STRINGS = YES;
				SWIFT_VERSION = 5.0;
				TARGETED_DEVICE_FAMILY = "1,2";
			};
			name = Debug;
		};
		863172022E09710A004BA21F /* Release */ = {
			isa = XCBuildConfiguration;
			buildSettings = {
				ASSETCATALOG_COMPILER_APPICON_NAME = AppIcon;
				ASSETCATALOG_COMPILER_GLOBAL_ACCENT_COLOR_NAME = AccentColor;
				CODE_SIGN_STYLE = Automatic;
				CURRENT_PROJECT_VERSION = 1;
				DEVELOPMENT_ASSET_PATHS = "\"ChikenRoad/Preview Content\"";
				DEVELOPMENT_TEAM = 59WWFG63NN;
				ENABLE_PREVIEWS = YES;
				GENERATE_INFOPLIST_FILE = YES;
				INFOPLIST_FILE = ChikenRoad/Info.plist;
				INFOPLIST_KEY_UIApplicationSceneManifest_Generation = YES;
				INFOPLIST_KEY_UIApplicationSupportsIndirectInputEvents = YES;
				INFOPLIST_KEY_UILaunchScreen_Generation = YES;
				INFOPLIST_KEY_UIRequiresFullScreen = YES;
				INFOPLIST_KEY_UISupportedInterfaceOrientations = UIInterfaceOrientationPortrait;
				IPHONEOS_DEPLOYMENT_TARGET = 16.0;
				LD_RUNPATH_SEARCH_PATHS = (
					"$(inherited)",
					"@executable_path/Frameworks",
				);
				MARKETING_VERSION = 1.0;
				PRODUCT_BUNDLE_IDENTIFIER = com.keshevv.ChikenRoad;
				PRODUCT_NAME = "$(TARGET_NAME)";
				SUPPORTED_PLATFORMS = "iphoneos iphonesimulator";
				SUPPORTS_MACCATALYST = NO;
				SUPPORTS_MAC_DESIGNED_FOR_IPHONE_IPAD = NO;
				SUPPORTS_XR_DESIGNED_FOR_IPHONE_IPAD = NO;
				SWIFT_EMIT_LOC_STRINGS = YES;
				SWIFT_VERSION = 5.0;
				TARGETED_DEVICE_FAMILY = "1,2";
			};
			name = Release;
		};
/* End XCBuildConfiguration section */

/* Begin XCConfigurationList section */
		863171ED2E097109004BA21F /* Build configuration list for PBXProject "ChikenRoad" */ = {
			isa = XCConfigurationList;
			buildConfigurations = (
				863171FE2E09710A004BA21F /* Debug */,
				863171FF2E09710A004BA21F /* Release */,
			);
			defaultConfigurationIsVisible = 0;
			defaultConfigurationName = Release;
		};
		863172002E09710A004BA21F /* Build configuration list for PBXNativeTarget "ChikenRoad" */ = {
			isa = XCConfigurationList;
			buildConfigurations = (
				863172012E09710A004BA21F /* Debug */,
				863172022E09710A004BA21F /* Release */,
			);
			defaultConfigurationIsVisible = 0;
			defaultConfigurationName = Release;
		};
/* End XCConfigurationList section */
	};
	rootObject = 863171EA2E097109004BA21F /* Project object */;
}
